
Microsoft Visual Studio Solution File, Format Version 12.00
# Visual Studio Version 16
VisualStudioVersion = 16.0.31507.150
MinimumVisualStudioVersion = 10.0.40219.1
Project("{9A19103F-16F7-4668-BE54-9A1E7A4F7556}") = "FenixAlliance.ABS.Portal.Themes.Turing", "FenixAlliance.ABS.Portal.Themes.Turing.csproj", "{5F7112E5-675B-4F3A-8919-75183EAD29B0}"
EndProject
Project("{9A19103F-16F7-4668-BE54-9A1E7A4F7556}") = "FenixAlliance.ABS.Core", "..\..\..\..\FenixAlliance.ABS\FenixAlliance.ABS.Core\FenixAlliance.ABS.Core.csproj", "{32609834-28C0-4E2F-819A-F8F90516A3D8}"
EndProject
Global
	GlobalSection(SolutionConfigurationPlatforms) = preSolution
		Debug|Any CPU = Debug|Any CPU
		Release|Any CPU = Release|Any CPU
	EndGlobalSection
	GlobalSection(ProjectConfigurationPlatforms) = postSolution
		{5F7112E5-675B-4F3A-8919-75183EAD29B0}.Debug|Any CPU.ActiveCfg = Debug|Any CPU
		{5F7112E5-675B-4F3A-8919-75183EAD29B0}.Debug|Any CPU.Build.0 = Debug|Any CPU
		{5F7112E5-675B-4F3A-8919-75183EAD29B0}.Release|Any CPU.ActiveCfg = Release|Any CPU
		{5F7112E5-675B-4F3A-8919-75183EAD29B0}.Release|Any CPU.Build.0 = Release|Any CPU
		{32609834-28C0-4E2F-819A-F8F90516A3D8}.Debug|Any CPU.ActiveCfg = Debug|Any CPU
		{32609834-28C0-4E2F-819A-F8F90516A3D8}.Debug|Any CPU.Build.0 = Debug|Any CPU
		{32609834-28C0-4E2F-819A-F8F90516A3D8}.Release|Any CPU.ActiveCfg = Release|Any CPU
		{32609834-28C0-4E2F-819A-F8F90516A3D8}.Release|Any CPU.Build.0 = Release|Any CPU
	EndGlobalSection
	GlobalSection(SolutionProperties) = preSolution
		HideSolutionNode = FALSE
	EndGlobalSection
	GlobalSection(ExtensibilityGlobals) = postSolution
		SolutionGuid = {3C3D36E1-830C-4D04-930D-CA5FFAF85D02}
	EndGlobalSection
EndGlobal
